
Microsoft Visual Studio Solution File, Format Version 12.00
# Visual Studio Version 17
VisualStudioVersion = 17.12.35707.178
MinimumVisualStudioVersion = 10.0.40219.1
Project("{FAE04EC0-301F-11D3-BF4B-00C04F79EFBC}") = "NZWalks", "NZWalks\NZWalks.csproj", "{0AF08E66-4174-4093-B241-90FA63D3CA61}"
EndProject
Project("{E53339B2-1760-4266-BCC7-CA923CBCF16C}") = "docker-compose", "docker-compose.dcproj", "{62BABD52-9E54-450F-B137-CC4D03F4BBD7}"
EndProject
Global
	GlobalSection(SolutionConfigurationPlatforms) = preSolution
		Debug|Any CPU = Debug|Any CPU
		Release|Any CPU = Release|Any CPU
	EndGlobalSection
	GlobalSection(ProjectConfigurationPlatforms) = postSolution
		{0AF08E66-4174-4093-B241-90FA63D3CA61}.Debug|Any CPU.ActiveCfg = Debug|Any CPU
		{0AF08E66-4174-4093-B241-90FA63D3CA61}.Debug|Any CPU.Build.0 = Debug|Any CPU
		{0AF08E66-4174-4093-B241-90FA63D3CA61}.Release|Any CPU.ActiveCfg = Release|Any CPU
		{0AF08E66-4174-4093-B241-90FA63D3CA61}.Release|Any CPU.Build.0 = Release|Any CPU
		{62BABD52-9E54-450F-B137-CC4D03F4BBD7}.Debug|Any CPU.ActiveCfg = Debug|Any CPU
		{62BABD52-9E54-450F-B137-CC4D03F4BBD7}.Debug|Any CPU.Build.0 = Debug|Any CPU
		{62BABD52-9E54-450F-B137-CC4D03F4BBD7}.Release|Any CPU.ActiveCfg = Release|Any CPU
		{62BABD52-9E54-450F-B137-CC4D03F4BBD7}.Release|Any CPU.Build.0 = Release|Any CPU
	EndGlobalSection
	GlobalSection(SolutionProperties) = preSolution
		HideSolutionNode = FALSE
	EndGlobalSection
EndGlobal
